
Microsoft Visual Studio Solution File, Format Version 12.00
# Visual Studio 15
VisualStudioVersion = 15.0.26430.6
MinimumVisualStudioVersion = 10.0.40219.1
Project("{FAE04EC0-301F-11D3-BF4B-00C04F79EFBC}") = "Diary.Main", "Diary.Main\Diary.Main.csproj", "{7E0C8286-DF5E-4B37-B8DE-EE6F8DB68D0D}"
EndProject
Project("{FAE04EC0-301F-11D3-BF4B-00C04F79EFBC}") = "Diary.Api.Tests", "Diary.Api.Tests\Diary.Api.Tests.csproj", "{0B04BA75-27FD-477E-BC90-E6221272E2C2}"
EndProject
Project("{FAE04EC0-301F-11D3-BF4B-00C04F79EFBC}") = "Diary.Web", "Diary.Web\Diary.Web.csproj", "{2CACEF5E-03FA-4D8D-A051-7C92BBBE67FE}"
EndProject
Project("{9A19103F-16F7-4668-BE54-9A1E7A4F7556}") = "Diary.Api", "Diary.Api\Diary.Api.csproj", "{1F78D388-D988-4DD4-9BFD-092B6F15C790}"
EndProject
Project("{FAE04EC0-301F-11D3-BF4B-00C04F79EFBC}") = "Diary.Main.Tests", "Diary.Main.Tests\Diary.Main.Tests.csproj", "{74292195-A812-4638-AB66-481A454CB4DA}"
EndProject
Global
	GlobalSection(SolutionConfigurationPlatforms) = preSolution
		Debug|Any CPU = Debug|Any CPU
		Debug|x64 = Debug|x64
		Debug|x86 = Debug|x86
		Release|Any CPU = Release|Any CPU
		Release|x64 = Release|x64
		Release|x86 = Release|x86
	EndGlobalSection
	GlobalSection(ProjectConfigurationPlatforms) = postSolution
		{7E0C8286-DF5E-4B37-B8DE-EE6F8DB68D0D}.Debug|Any CPU.ActiveCfg = Debug|Any CPU
		{7E0C8286-DF5E-4B37-B8DE-EE6F8DB68D0D}.Debug|Any CPU.Build.0 = Debug|Any CPU
		{7E0C8286-DF5E-4B37-B8DE-EE6F8DB68D0D}.Debug|x64.ActiveCfg = Debug|Any CPU
		{7E0C8286-DF5E-4B37-B8DE-EE6F8DB68D0D}.Debug|x64.Build.0 = Debug|Any CPU
		{7E0C8286-DF5E-4B37-B8DE-EE6F8DB68D0D}.Debug|x86.ActiveCfg = Debug|Any CPU
		{7E0C8286-DF5E-4B37-B8DE-EE6F8DB68D0D}.Debug|x86.Build.0 = Debug|Any CPU
		{7E0C8286-DF5E-4B37-B8DE-EE6F8DB68D0D}.Release|Any CPU.ActiveCfg = Release|Any CPU
		{7E0C8286-DF5E-4B37-B8DE-EE6F8DB68D0D}.Release|Any CPU.Build.0 = Release|Any CPU
		{7E0C8286-DF5E-4B37-B8DE-EE6F8DB68D0D}.Release|x64.ActiveCfg = Release|Any CPU
		{7E0C8286-DF5E-4B37-B8DE-EE6F8DB68D0D}.Release|x64.Build.0 = Release|Any CPU
		{7E0C8286-DF5E-4B37-B8DE-EE6F8DB68D0D}.Release|x86.ActiveCfg = Release|Any CPU
		{7E0C8286-DF5E-4B37-B8DE-EE6F8DB68D0D}.Release|x86.Build.0 = Release|Any CPU
		{0B04BA75-27FD-477E-BC90-E6221272E2C2}.Debug|Any CPU.ActiveCfg = Debug|Any CPU
		{0B04BA75-27FD-477E-BC90-E6221272E2C2}.Debug|Any CPU.Build.0 = Debug|Any CPU
		{0B04BA75-27FD-477E-BC90-E6221272E2C2}.Debug|x64.ActiveCfg = Debug|Any CPU
		{0B04BA75-27FD-477E-BC90-E6221272E2C2}.Debug|x64.Build.0 = Debug|Any CPU
		{0B04BA75-27FD-477E-BC90-E6221272E2C2}.Debug|x86.ActiveCfg = Debug|Any CPU
		{0B04BA75-27FD-477E-BC90-E6221272E2C2}.Debug|x86.Build.0 = Debug|Any CPU
		{0B04BA75-27FD-477E-BC90-E6221272E2C2}.Release|Any CPU.ActiveCfg = Release|Any CPU
		{0B04BA75-27FD-477E-BC90-E6221272E2C2}.Release|Any CPU.Build.0 = Release|Any CPU
		{0B04BA75-27FD-477E-BC90-E6221272E2C2}.Release|x64.ActiveCfg = Release|Any CPU
		{0B04BA75-27FD-477E-BC90-E6221272E2C2}.Release|x64.Build.0 = Release|Any CPU
		{0B04BA75-27FD-477E-BC90-E6221272E2C2}.Release|x86.ActiveCfg = Release|Any CPU
		{0B04BA75-27FD-477E-BC90-E6221272E2C2}.Release|x86.Build.0 = Release|Any CPU
		{2CACEF5E-03FA-4D8D-A051-7C92BBBE67FE}.Debug|Any CPU.ActiveCfg = Debug|Any CPU
		{2CACEF5E-03FA-4D8D-A051-7C92BBBE67FE}.Debug|Any CPU.Build.0 = Debug|Any CPU
		{2CACEF5E-03FA-4D8D-A051-7C92BBBE67FE}.Debug|x64.ActiveCfg = Debug|Any CPU
		{2CACEF5E-03FA-4D8D-A051-7C92BBBE67FE}.Debug|x64.Build.0 = Debug|Any CPU
		{2CACEF5E-03FA-4D8D-A051-7C92BBBE67FE}.Debug|x86.ActiveCfg = Debug|Any CPU
		{2CACEF5E-03FA-4D8D-A051-7C92BBBE67FE}.Debug|x86.Build.0 = Debug|Any CPU
		{2CACEF5E-03FA-4D8D-A051-7C92BBBE67FE}.Release|Any CPU.ActiveCfg = Release|Any CPU
		{2CACEF5E-03FA-4D8D-A051-7C92BBBE67FE}.Release|Any CPU.Build.0 = Release|Any CPU
		{2CACEF5E-03FA-4D8D-A051-7C92BBBE67FE}.Release|x64.ActiveCfg = Release|Any CPU
		{2CACEF5E-03FA-4D8D-A051-7C92BBBE67FE}.Release|x64.Build.0 = Release|Any CPU
		{2CACEF5E-03FA-4D8D-A051-7C92BBBE67FE}.Release|x86.ActiveCfg = Release|Any CPU
		{2CACEF5E-03FA-4D8D-A051-7C92BBBE67FE}.Release|x86.Build.0 = Release|Any CPU
		{1F78D388-D988-4DD4-9BFD-092B6F15C790}.Debug|Any CPU.ActiveCfg = Debug|Any CPU
		{1F78D388-D988-4DD4-9BFD-092B6F15C790}.Debug|Any CPU.Build.0 = Debug|Any CPU
		{1F78D388-D988-4DD4-9BFD-092B6F15C790}.Debug|x64.ActiveCfg = Debug|Any CPU
		{1F78D388-D988-4DD4-9BFD-092B6F15C790}.Debug|x64.Build.0 = Debug|Any CPU
		{1F78D388-D988-4DD4-9BFD-092B6F15C790}.Debug|x86.ActiveCfg = Debug|Any CPU
		{1F78D388-D988-4DD4-9BFD-092B6F15C790}.Debug|x86.Build.0 = Debug|Any CPU
		{1F78D388-D988-4DD4-9BFD-092B6F15C790}.Release|Any CPU.ActiveCfg = Release|Any CPU
		{1F78D388-D988-4DD4-9BFD-092B6F15C790}.Release|Any CPU.Build.0 = Release|Any CPU
		{1F78D388-D988-4DD4-9BFD-092B6F15C790}.Release|x64.ActiveCfg = Release|Any CPU
		{1F78D388-D988-4DD4-9BFD-092B6F15C790}.Release|x64.Build.0 = Release|Any CPU
		{1F78D388-D988-4DD4-9BFD-092B6F15C790}.Release|x86.ActiveCfg = Release|Any CPU
		{1F78D388-D988-4DD4-9BFD-092B6F15C790}.Release|x86.Build.0 = Release|Any CPU
		{74292195-A812-4638-AB66-481A454CB4DA}.Debug|Any CPU.ActiveCfg = Debug|Any CPU
		{74292195-A812-4638-AB66-481A454CB4DA}.Debug|Any CPU.Build.0 = Debug|Any CPU
		{74292195-A812-4638-AB66-481A454CB4DA}.Debug|x64.ActiveCfg = Debug|Any CPU
		{74292195-A812-4638-AB66-481A454CB4DA}.Debug|x64.Build.0 = Debug|Any CPU
		{74292195-A812-4638-AB66-481A454CB4DA}.Debug|x86.ActiveCfg = Debug|Any CPU
		{74292195-A812-4638-AB66-481A454CB4DA}.Debug|x86.Build.0 = Debug|Any CPU
		{74292195-A812-4638-AB66-481A454CB4DA}.Release|Any CPU.ActiveCfg = Release|Any CPU
		{74292195-A812-4638-AB66-481A454CB4DA}.Release|Any CPU.Build.0 = Release|Any CPU
		{74292195-A812-4638-AB66-481A454CB4DA}.Release|x64.ActiveCfg = Release|Any CPU
		{74292195-A812-4638-AB66-481A454CB4DA}.Release|x64.Build.0 = Release|Any CPU
		{74292195-A812-4638-AB66-481A454CB4DA}.Release|x86.ActiveCfg = Release|Any CPU
		{74292195-A812-4638-AB66-481A454CB4DA}.Release|x86.Build.0 = Release|Any CPU
	EndGlobalSection
	GlobalSection(SolutionProperties) = preSolution
		HideSolutionNode = FALSE
	EndGlobalSection
EndGlobal
